# This file is autogenerated, do not edit; changes may be undone by the next 'dep ensure'.


[[projects]]
  name = "github.com/devopsfaith/krakend"
  packages = [
    "config",
    "core",
    "encoding",
    "logging",
    "proxy",
    "register",
    "register/internal",
    "router",
    "router/gin",
    "router/mux",
    "sd"
  ]
  revision = "a9119126330c3d376857bdd6ec05c57c2dea670b"
  version = "0.5"

[[projects]]
  name = "github.com/devopsfaith/krakend-metrics"
  packages = [
    ".",
    "gin",
    "mux"
  ]
  revision = "f563c518da3c3fa8ad05e74179824397c996cb7e"
  version = "0.5.0"

[[projects]]
  branch = "master"
  name = "github.com/gin-contrib/sse"
  packages = ["."]
  revision = "22d885f9ecc78bf4ee5d72b937e4bbcdc58e8cae"

[[projects]]
  name = "github.com/gin-gonic/gin"
  packages = [
    ".",
    "binding",
    "render"
  ]
  revision = "d459835d2b077e44f7c9b453505ee29881d5d12d"
  version = "v1.2"

[[projects]]
  name = "github.com/golang/protobuf"
  packages = ["proto"]
  revision = "b4deda0973fb4c70b50d226b1af49f3da59f5265"
  version = "v1.1.0"

[[projects]]
  name = "github.com/influxdata/influxdb"
  packages = [
    "client/v2",
    "models",
    "pkg/escape"
  ]
  revision = "4e4e00bc5ab85a3ff5e988c91020cf0399a87026"
  version = "v1.5.4"

[[projects]]
  name = "github.com/mattn/go-isatty"
  packages = ["."]
  revision = "0360b2af4f38e8d38c7fce2a9f4e702702d73a39"
  version = "v0.0.3"

[[projects]]
  branch = "master"
  name = "github.com/rcrowley/go-metrics"
  packages = [
    ".",
    "exp"
  ]
  revision = "e2704e165165ec55d062f5919b4b29494e9fa790"

[[projects]]
  name = "github.com/ugorji/go"
  packages = ["codec"]
  revision = "b4c50a2b199d93b13dc15e78929cfb23bfdf21ab"
  version = "v1.1.1"

[[projects]]
  branch = "master"
  name = "golang.org/x/sys"
  packages = ["unix"]
  revision = "a200a19cb90b19de298170992778b1fda7217bd6"

[[projects]]
  name = "gopkg.in/go-playground/validator.v8"
  packages = ["."]
  revision = "5f1438d3fca68893a817e4a66806cea46a9e4ebf"
  version = "v8.18.2"

[[projects]]
  name = "gopkg.in/yaml.v2"
  packages = ["."]
  revision = "5420a8b6744d3b0345ab293f6fcba19c978f1183"
  version = "v2.2.1"

[solve-meta]
  analyzer-name = "dep"
  analyzer-version = 1
  inputs-digest = "5f7a83964ada109ba54ac71657681a108965a966a3dc6e4939b3157fbf3047d8"
  solver-name = "gps-cdcl"
  solver-version = 1
